
Microsoft Visual Studio Solution File, Format Version 12.00
# Visual Studio 14
VisualStudioVersion = 14.0.25420.1
MinimumVisualStudioVersion = 10.0.40219.1
Project("{FAE04EC0-301F-11D3-BF4B-00C04F79EFBC}") = "GBFWikeMatchFinderWinApp", "GBFWikeMatchFinderWinApp\GBFWikeMatchFinderWinApp.csproj", "{AB36EEBB-9806-4C5D-ACD9-8C4CC43D2B7A}"
EndProject
Project("{FAE04EC0-301F-11D3-BF4B-00C04F79EFBC}") = "GBFFinderLibrary", "GBFFinderLibrary\GBFFinderLibrary.csproj", "{605B485E-F83E-40C5-A70A-A0498E9F51B7}"
EndProject
Project("{FAE04EC0-301F-11D3-BF4B-00C04F79EFBC}") = "GBFTwitterFinderWeb", "GBFTwitterFinderWeb\GBFTwitterFinderWeb.csproj", "{EEFEB7F9-4C25-42F3-9F04-1174F585C6A7}"
EndProject
Global
	GlobalSection(SolutionConfigurationPlatforms) = preSolution
		Debug|Any CPU = Debug|Any CPU
		Release|Any CPU = Release|Any CPU
	EndGlobalSection
	GlobalSection(ProjectConfigurationPlatforms) = postSolution
		{AB36EEBB-9806-4C5D-ACD9-8C4CC43D2B7A}.Debug|Any CPU.ActiveCfg = Debug|Any CPU
		{AB36EEBB-9806-4C5D-ACD9-8C4CC43D2B7A}.Debug|Any CPU.Build.0 = Debug|Any CPU
		{AB36EEBB-9806-4C5D-ACD9-8C4CC43D2B7A}.Release|Any CPU.ActiveCfg = Release|Any CPU
		{AB36EEBB-9806-4C5D-ACD9-8C4CC43D2B7A}.Release|Any CPU.Build.0 = Release|Any CPU
		{605B485E-F83E-40C5-A70A-A0498E9F51B7}.Debug|Any CPU.ActiveCfg = Debug|Any CPU
		{605B485E-F83E-40C5-A70A-A0498E9F51B7}.Debug|Any CPU.Build.0 = Debug|Any CPU
		{605B485E-F83E-40C5-A70A-A0498E9F51B7}.Release|Any CPU.ActiveCfg = Release|Any CPU
		{605B485E-F83E-40C5-A70A-A0498E9F51B7}.Release|Any CPU.Build.0 = Release|Any CPU
		{EEFEB7F9-4C25-42F3-9F04-1174F585C6A7}.Debug|Any CPU.ActiveCfg = Debug|Any CPU
		{EEFEB7F9-4C25-42F3-9F04-1174F585C6A7}.Debug|Any CPU.Build.0 = Debug|Any CPU
		{EEFEB7F9-4C25-42F3-9F04-1174F585C6A7}.Release|Any CPU.ActiveCfg = Release|Any CPU
		{EEFEB7F9-4C25-42F3-9F04-1174F585C6A7}.Release|Any CPU.Build.0 = Release|Any CPU
	EndGlobalSection
	GlobalSection(SolutionProperties) = preSolution
		HideSolutionNode = FALSE
	EndGlobalSection
EndGlobal
